<?xml version="1.0" encoding="utf-8"?>
<Project ToolsVersion="4.0" xmlns="http://schemas.microsoft.com/developer/msbuild/2003">
  <ItemGroup>
    <ClCompile Include="main.cpp" />
    <ClCompile Include="ImGui\imgui.cpp">
      <Filter>ImGui</Filter>
    </ClCompile>
    <ClCompile Include="ImGui\imgui_demo.cpp">
      <Filter>ImGui</Filter>
    </ClCompile>
    <ClCompile Include="ImGui\imgui_draw.cpp">
      <Filter>ImGui</Filter>
    </ClCompile>
    <ClCompile Include="ImGui\imgui_impl_dx9.cpp">
      <Filter>ImGui</Filter>
    </ClCompile>
    <ClCompile Include="ImGui\imgui_impl_win32.cpp">
      <Filter>ImGui</Filter>
    </ClCompile>
    <ClCompile Include="ImGui\imgui_tables.cpp">
      <Filter>ImGui</Filter>
    </ClCompile>
    <ClCompile Include="ImGui\imgui_widgets.cpp">
      <Filter>ImGui</Filter>
    </ClCompile>
  </ItemGroup>
  <ItemGroup>
    <ClInclude Include="game\features\aimbot\aimbot.h">
      <Filter>game\features\aimbot</Filter>
    </ClInclude>
    <ClInclude Include="game\features\esp\drawing.h">
      <Filter>game\features\esp</Filter>
    </ClInclude>
    <ClInclude Include="game\features\esp\skeleton.h">
      <Filter>game\features\esp</Filter>
    </ClInclude>
    <ClInclude Include="game\informations\offsets\actors.h">
      <Filter>game\informations\offsets</Filter>
    </ClInclude>
    <ClInclude Include="game\informations\offsets\offsets.h">
      <Filter>game\informations\offsets</Filter>
    </ClInclude>
    <ClInclude Include="driver\driver.h">
      <Filter>driver</Filter>
    </ClInclude>
    <ClInclude Include="menu.hpp" />
    <ClInclude Include="game\informations\w2s.h">
      <Filter>game\informations</Filter>
    </ClInclude>
    <ClInclude Include="game\informations\getbone.h">
      <Filter>game\informations</Filter>
    </ClInclude>
    <ClInclude Include="game\features\features.h">
      <Filter>game\features</Filter>
    </ClInclude>
    <ClInclude Include="game\features\overlay\overlay.hpp">
      <Filter>game\features\overlay</Filter>
    </ClInclude>
    <ClInclude Include="ImGui\imconfig.h">
      <Filter>ImGui</Filter>
    </ClInclude>
    <ClInclude Include="ImGui\imgui.h">
      <Filter>ImGui</Filter>
    </ClInclude>
    <ClInclude Include="ImGui\imgui_impl_dx9.h">
      <Filter>ImGui</Filter>
    </ClInclude>
    <ClInclude Include="ImGui\imgui_impl_win32.h">
      <Filter>ImGui</Filter>
    </ClInclude>
    <ClInclude Include="ImGui\imgui_internal.h">
      <Filter>ImGui</Filter>
    </ClInclude>
    <ClInclude Include="ImGui\InitializeImGui.h">
      <Filter>ImGui</Filter>
    </ClInclude>
    <ClInclude Include="ImGui\imstb_truetype.h">
      <Filter>ImGui</Filter>
    </ClInclude>
    <ClInclude Include="ImGui\imstb_textedit.h">
      <Filter>ImGui</Filter>
    </ClInclude>
    <ClInclude Include="ImGui\imstb_rectpack.h">
      <Filter>ImGui</Filter>
    </ClInclude>
    <ClInclude Include="D3DX\d3dx9.h">
      <Filter>D3DX</Filter>
    </ClInclude>
    <ClInclude Include="D3DX\d3dx9anim.h">
      <Filter>D3DX</Filter>
    </ClInclude>
    <ClInclude Include="D3DX\d3dx9core.h">
      <Filter>D3DX</Filter>
    </ClInclude>
    <ClInclude Include="D3DX\d3dx9xof.h">
      <Filter>D3DX</Filter>
    </ClInclude>
    <ClInclude Include="D3DX\d3dx9tex.h">
      <Filter>D3DX</Filter>
    </ClInclude>
    <ClInclude Include="D3DX\d3dx9shape.h">
      <Filter>D3DX</Filter>
    </ClInclude>
    <ClInclude Include="D3DX\d3dx9shader.h">
      <Filter>D3DX</Filter>
    </ClInclude>
    <ClInclude Include="D3DX\d3dx9math.h">
      <Filter>D3DX</Filter>
    </ClInclude>
    <ClInclude Include="D3DX\d3dx9effect.h">
      <Filter>D3DX</Filter>
    </ClInclude>
    <ClInclude Include="D3DX\d3dx9mesh.h">
      <Filter>D3DX</Filter>
    </ClInclude>
    <ClInclude Include="game\includes\include.h">
      <Filter>game\includes</Filter>
    </ClInclude>
    <ClInclude Include="game\includes\keybinds.h">
      <Filter>game\includes</Filter>
    </ClInclude>
    <ClInclude Include="game\includes\xor.hpp">
      <Filter>game\includes</Filter>
    </ClInclude>
    <ClInclude Include="game\includes\utils.h">
      <Filter>game\includes</Filter>
    </ClInclude>
    <ClInclude Include="game\includes\lazy.h">
      <Filter>game\includes</Filter>
    </ClInclude>
  </ItemGroup>
  <ItemGroup>
    <Filter Include="driver">
      <UniqueIdentifier>{717f896b-5c94-4136-9c45-c5a30383860e}</UniqueIdentifier>
    </Filter>
    <Filter Include="game">
      <UniqueIdentifier>{23c02c8d-1314-43c2-8960-68405d9534e5}</UniqueIdentifier>
    </Filter>
    <Filter Include="game\features">
      <UniqueIdentifier>{27d9c49a-5229-4d72-ae26-83540d90f380}</UniqueIdentifier>
    </Filter>
    <Filter Include="game\informations">
      <UniqueIdentifier>{5a27670d-dd6a-4d05-9164-c76f21e8be43}</UniqueIdentifier>
    </Filter>
    <Filter Include="game\informations\offsets">
      <UniqueIdentifier>{e06ead8f-85db-4626-a77c-5f483ba277ea}</UniqueIdentifier>
    </Filter>
    <Filter Include="game\features\aimbot">
      <UniqueIdentifier>{5864f22c-9250-4d0a-8def-18bf1d64a8a3}</UniqueIdentifier>
    </Filter>
    <Filter Include="game\features\esp">
      <UniqueIdentifier>{fa1fabf3-e76e-4791-a5c4-5a45311530af}</UniqueIdentifier>
    </Filter>
    <Filter Include="game\includes">
      <UniqueIdentifier>{9b81e46a-d5fc-4566-9149-93f1940f1b66}</UniqueIdentifier>
    </Filter>
    <Filter Include="game\features\overlay">
      <UniqueIdentifier>{ec3f8c0b-275d-4add-8416-19f0d2b1696c}</UniqueIdentifier>
    </Filter>
    <Filter Include="ImGui">
      <UniqueIdentifier>{0be28d73-979b-4039-9599-7929793716e2}</UniqueIdentifier>
    </Filter>
    <Filter Include="D3DX">
      <UniqueIdentifier>{981911e4-3888-4b05-9950-ae7310bfa215}</UniqueIdentifier>
    </Filter>
  </ItemGroup>
  <ItemGroup>
    <Library Include="d3dx9.lib">
      <Filter>D3DX</Filter>
    </Library>
    <Library Include="D3DX\d3dx9.lib">
      <Filter>D3DX</Filter>
    </Library>
  </ItemGroup>
  <ItemGroup>
    <None Include="D3DX\d3dx9math.inl">
      <Filter>D3DX</Filter>
    </None>
  </ItemGroup>
</Project>